
Microsoft Visual Studio Solution File, Format Version 12.00
# Visual Studio Version 17
VisualStudioVersion = 17.6.33829.357
MinimumVisualStudioVersion = 10.0.40219.1
Project("{9A19103F-16F7-4668-BE54-9A1E7A4F7556}") = "AdvertisementApp.Common", "AdvertisementApp.Common\AdvertisementApp.Common.csproj", "{EA73A5E7-8685-457A-A69D-5DB8C57B96CB}"
EndProject
Project("{9A19103F-16F7-4668-BE54-9A1E7A4F7556}") = "AdvertisementApp.Entities", "AdvertisementApp.Entities\AdvertisementApp.Entities.csproj", "{FD234431-199B-4C0D-A679-2AB99410A282}"
EndProject
Project("{9A19103F-16F7-4668-BE54-9A1E7A4F7556}") = "AdvertisementApp.DataAccess", "AdvertisementApp.DataAccess\AdvertisementApp.DataAccess.csproj", "{28C3E687-E15D-4FF3-8052-8097E67A036D}"
EndProject
Project("{FAE04EC0-301F-11D3-BF4B-00C04F79EFBC}") = "AdvertisementApp.Business", "AdvertisementApp.Business\AdvertisementApp.Business.csproj", "{36114AB7-F66B-4E80-B3E5-BEB102CBDEC4}"
EndProject
Project("{FAE04EC0-301F-11D3-BF4B-00C04F79EFBC}") = "AdvertisementApp.UI", "AdvertisementApp.UI\AdvertisementApp.UI.csproj", "{95ACD831-69B3-46A0-B3F6-66731CA27B6D}"
EndProject
Global
	GlobalSection(SolutionConfigurationPlatforms) = preSolution
		Debug|Any CPU = Debug|Any CPU
		Release|Any CPU = Release|Any CPU
	EndGlobalSection
	GlobalSection(ProjectConfigurationPlatforms) = postSolution
		{EA73A5E7-8685-457A-A69D-5DB8C57B96CB}.Debug|Any CPU.ActiveCfg = Debug|Any CPU
		{EA73A5E7-8685-457A-A69D-5DB8C57B96CB}.Debug|Any CPU.Build.0 = Debug|Any CPU
		{EA73A5E7-8685-457A-A69D-5DB8C57B96CB}.Release|Any CPU.ActiveCfg = Release|Any CPU
		{EA73A5E7-8685-457A-A69D-5DB8C57B96CB}.Release|Any CPU.Build.0 = Release|Any CPU
		{FD234431-199B-4C0D-A679-2AB99410A282}.Debug|Any CPU.ActiveCfg = Debug|Any CPU
		{FD234431-199B-4C0D-A679-2AB99410A282}.Debug|Any CPU.Build.0 = Debug|Any CPU
		{FD234431-199B-4C0D-A679-2AB99410A282}.Release|Any CPU.ActiveCfg = Release|Any CPU
		{FD234431-199B-4C0D-A679-2AB99410A282}.Release|Any CPU.Build.0 = Release|Any CPU
		{28C3E687-E15D-4FF3-8052-8097E67A036D}.Debug|Any CPU.ActiveCfg = Debug|Any CPU
		{28C3E687-E15D-4FF3-8052-8097E67A036D}.Debug|Any CPU.Build.0 = Debug|Any CPU
		{28C3E687-E15D-4FF3-8052-8097E67A036D}.Release|Any CPU.ActiveCfg = Release|Any CPU
		{28C3E687-E15D-4FF3-8052-8097E67A036D}.Release|Any CPU.Build.0 = Release|Any CPU
		{36114AB7-F66B-4E80-B3E5-BEB102CBDEC4}.Debug|Any CPU.ActiveCfg = Debug|Any CPU
		{36114AB7-F66B-4E80-B3E5-BEB102CBDEC4}.Debug|Any CPU.Build.0 = Debug|Any CPU
		{36114AB7-F66B-4E80-B3E5-BEB102CBDEC4}.Release|Any CPU.ActiveCfg = Release|Any CPU
		{36114AB7-F66B-4E80-B3E5-BEB102CBDEC4}.Release|Any CPU.Build.0 = Release|Any CPU
		{95ACD831-69B3-46A0-B3F6-66731CA27B6D}.Debug|Any CPU.ActiveCfg = Debug|Any CPU
		{95ACD831-69B3-46A0-B3F6-66731CA27B6D}.Debug|Any CPU.Build.0 = Debug|Any CPU
		{95ACD831-69B3-46A0-B3F6-66731CA27B6D}.Release|Any CPU.ActiveCfg = Release|Any CPU
		{95ACD831-69B3-46A0-B3F6-66731CA27B6D}.Release|Any CPU.Build.0 = Release|Any CPU
	EndGlobalSection
	GlobalSection(SolutionProperties) = preSolution
		HideSolutionNode = FALSE
	EndGlobalSection
	GlobalSection(ExtensibilityGlobals) = postSolution
		SolutionGuid = {179F2CF3-F366-4759-A07A-D4E1A53799AE}
	EndGlobalSection
EndGlobal
